
Microsoft Visual Studio Solution File, Format Version 12.00
# Visual Studio Version 17
VisualStudioVersion = 17.5.33627.172
MinimumVisualStudioVersion = 10.0.40219.1
Project("{FAE04EC0-301F-11D3-BF4B-00C04F79EFBC}") = "Semana7.Android", "Semana7\Semana7.Android\Semana7.Android.csproj", "{0A9D838F-849D-4B7D-8366-6AC854F0FE46}"
EndProject
Project("{FAE04EC0-301F-11D3-BF4B-00C04F79EFBC}") = "Semana7.iOS", "Semana7\Semana7.iOS\Semana7.iOS.csproj", "{12D00F7F-EA2F-4CCC-9A98-D88DEF1D6A29}"
EndProject
Project("{FAE04EC0-301F-11D3-BF4B-00C04F79EFBC}") = "Semana7", "Semana7\Semana7\Semana7.csproj", "{E5B14B94-B289-4CA3-B1D6-47D69C504F06}"
EndProject
Global
	GlobalSection(SolutionConfigurationPlatforms) = preSolution
		Debug|Any CPU = Debug|Any CPU
		Debug|iPhone = Debug|iPhone
		Debug|iPhoneSimulator = Debug|iPhoneSimulator
		Release|Any CPU = Release|Any CPU
		Release|iPhone = Release|iPhone
		Release|iPhoneSimulator = Release|iPhoneSimulator
	EndGlobalSection
	GlobalSection(ProjectConfigurationPlatforms) = postSolution
		{0A9D838F-849D-4B7D-8366-6AC854F0FE46}.Debug|Any CPU.ActiveCfg = Debug|Any CPU
		{0A9D838F-849D-4B7D-8366-6AC854F0FE46}.Debug|Any CPU.Build.0 = Debug|Any CPU
		{0A9D838F-849D-4B7D-8366-6AC854F0FE46}.Debug|Any CPU.Deploy.0 = Debug|Any CPU
		{0A9D838F-849D-4B7D-8366-6AC854F0FE46}.Debug|iPhone.ActiveCfg = Debug|Any CPU
		{0A9D838F-849D-4B7D-8366-6AC854F0FE46}.Debug|iPhone.Build.0 = Debug|Any CPU
		{0A9D838F-849D-4B7D-8366-6AC854F0FE46}.Debug|iPhone.Deploy.0 = Debug|Any CPU
		{0A9D838F-849D-4B7D-8366-6AC854F0FE46}.Debug|iPhoneSimulator.ActiveCfg = Debug|Any CPU
		{0A9D838F-849D-4B7D-8366-6AC854F0FE46}.Debug|iPhoneSimulator.Build.0 = Debug|Any CPU
		{0A9D838F-849D-4B7D-8366-6AC854F0FE46}.Debug|iPhoneSimulator.Deploy.0 = Debug|Any CPU
		{0A9D838F-849D-4B7D-8366-6AC854F0FE46}.Release|Any CPU.ActiveCfg = Release|Any CPU
		{0A9D838F-849D-4B7D-8366-6AC854F0FE46}.Release|Any CPU.Build.0 = Release|Any CPU
		{0A9D838F-849D-4B7D-8366-6AC854F0FE46}.Release|Any CPU.Deploy.0 = Release|Any CPU
		{0A9D838F-849D-4B7D-8366-6AC854F0FE46}.Release|iPhone.ActiveCfg = Release|Any CPU
		{0A9D838F-849D-4B7D-8366-6AC854F0FE46}.Release|iPhone.Build.0 = Release|Any CPU
		{0A9D838F-849D-4B7D-8366-6AC854F0FE46}.Release|iPhone.Deploy.0 = Release|Any CPU
		{0A9D838F-849D-4B7D-8366-6AC854F0FE46}.Release|iPhoneSimulator.ActiveCfg = Release|Any CPU
		{0A9D838F-849D-4B7D-8366-6AC854F0FE46}.Release|iPhoneSimulator.Build.0 = Release|Any CPU
		{0A9D838F-849D-4B7D-8366-6AC854F0FE46}.Release|iPhoneSimulator.Deploy.0 = Release|Any CPU
		{12D00F7F-EA2F-4CCC-9A98-D88DEF1D6A29}.Debug|Any CPU.ActiveCfg = Debug|iPhone
		{12D00F7F-EA2F-4CCC-9A98-D88DEF1D6A29}.Debug|Any CPU.Build.0 = Debug|iPhone
		{12D00F7F-EA2F-4CCC-9A98-D88DEF1D6A29}.Debug|Any CPU.Deploy.0 = Debug|iPhone
		{12D00F7F-EA2F-4CCC-9A98-D88DEF1D6A29}.Debug|iPhone.ActiveCfg = Debug|iPhone
		{12D00F7F-EA2F-4CCC-9A98-D88DEF1D6A29}.Debug|iPhone.Build.0 = Debug|iPhone
		{12D00F7F-EA2F-4CCC-9A98-D88DEF1D6A29}.Debug|iPhone.Deploy.0 = Debug|iPhone
		{12D00F7F-EA2F-4CCC-9A98-D88DEF1D6A29}.Debug|iPhoneSimulator.ActiveCfg = Debug|iPhoneSimulator
		{12D00F7F-EA2F-4CCC-9A98-D88DEF1D6A29}.Debug|iPhoneSimulator.Build.0 = Debug|iPhoneSimulator
		{12D00F7F-EA2F-4CCC-9A98-D88DEF1D6A29}.Debug|iPhoneSimulator.Deploy.0 = Debug|iPhoneSimulator
		{12D00F7F-EA2F-4CCC-9A98-D88DEF1D6A29}.Release|Any CPU.ActiveCfg = Release|iPhoneSimulator
		{12D00F7F-EA2F-4CCC-9A98-D88DEF1D6A29}.Release|Any CPU.Build.0 = Release|iPhoneSimulator
		{12D00F7F-EA2F-4CCC-9A98-D88DEF1D6A29}.Release|Any CPU.Deploy.0 = Release|iPhoneSimulator
		{12D00F7F-EA2F-4CCC-9A98-D88DEF1D6A29}.Release|iPhone.ActiveCfg = Release|iPhone
		{12D00F7F-EA2F-4CCC-9A98-D88DEF1D6A29}.Release|iPhone.Build.0 = Release|iPhone
		{12D00F7F-EA2F-4CCC-9A98-D88DEF1D6A29}.Release|iPhone.Deploy.0 = Release|iPhone
		{12D00F7F-EA2F-4CCC-9A98-D88DEF1D6A29}.Release|iPhoneSimulator.ActiveCfg = Release|iPhoneSimulator
		{12D00F7F-EA2F-4CCC-9A98-D88DEF1D6A29}.Release|iPhoneSimulator.Build.0 = Release|iPhoneSimulator
		{12D00F7F-EA2F-4CCC-9A98-D88DEF1D6A29}.Release|iPhoneSimulator.Deploy.0 = Release|iPhoneSimulator
		{E5B14B94-B289-4CA3-B1D6-47D69C504F06}.Debug|Any CPU.ActiveCfg = Debug|Any CPU
		{E5B14B94-B289-4CA3-B1D6-47D69C504F06}.Debug|Any CPU.Build.0 = Debug|Any CPU
		{E5B14B94-B289-4CA3-B1D6-47D69C504F06}.Debug|Any CPU.Deploy.0 = Debug|Any CPU
		{E5B14B94-B289-4CA3-B1D6-47D69C504F06}.Debug|iPhone.ActiveCfg = Debug|Any CPU
		{E5B14B94-B289-4CA3-B1D6-47D69C504F06}.Debug|iPhone.Build.0 = Debug|Any CPU
		{E5B14B94-B289-4CA3-B1D6-47D69C504F06}.Debug|iPhone.Deploy.0 = Debug|Any CPU
		{E5B14B94-B289-4CA3-B1D6-47D69C504F06}.Debug|iPhoneSimulator.ActiveCfg = Debug|Any CPU
		{E5B14B94-B289-4CA3-B1D6-47D69C504F06}.Debug|iPhoneSimulator.Build.0 = Debug|Any CPU
		{E5B14B94-B289-4CA3-B1D6-47D69C504F06}.Debug|iPhoneSimulator.Deploy.0 = Debug|Any CPU
		{E5B14B94-B289-4CA3-B1D6-47D69C504F06}.Release|Any CPU.ActiveCfg = Release|Any CPU
		{E5B14B94-B289-4CA3-B1D6-47D69C504F06}.Release|Any CPU.Build.0 = Release|Any CPU
		{E5B14B94-B289-4CA3-B1D6-47D69C504F06}.Release|Any CPU.Deploy.0 = Release|Any CPU
		{E5B14B94-B289-4CA3-B1D6-47D69C504F06}.Release|iPhone.ActiveCfg = Release|Any CPU
		{E5B14B94-B289-4CA3-B1D6-47D69C504F06}.Release|iPhone.Build.0 = Release|Any CPU
		{E5B14B94-B289-4CA3-B1D6-47D69C504F06}.Release|iPhone.Deploy.0 = Release|Any CPU
		{E5B14B94-B289-4CA3-B1D6-47D69C504F06}.Release|iPhoneSimulator.ActiveCfg = Release|Any CPU
		{E5B14B94-B289-4CA3-B1D6-47D69C504F06}.Release|iPhoneSimulator.Build.0 = Release|Any CPU
		{E5B14B94-B289-4CA3-B1D6-47D69C504F06}.Release|iPhoneSimulator.Deploy.0 = Release|Any CPU
	EndGlobalSection
	GlobalSection(SolutionProperties) = preSolution
		HideSolutionNode = FALSE
	EndGlobalSection
	GlobalSection(ExtensibilityGlobals) = postSolution
		SolutionGuid = {E07887DD-D9A8-42EE-978F-FFAEFA14B79B}
	EndGlobalSection
EndGlobal
